
Microsoft Visual Studio Solution File, Format Version 12.00
# Visual Studio 15
VisualStudioVersion = 15.0.26403.7
MinimumVisualStudioVersion = 10.0.40219.1
Project("{F2A71F9B-5D33-465A-A702-920D77279786}") = "App", "App\App.fsproj", "{BFC99254-B06D-4434-B7FF-50A54A18F445}"
EndProject
Project("{F2A71F9B-5D33-465A-A702-920D77279786}") = "Tests", "Tests\Tests.fsproj", "{6C0844C9-FE56-4F88-AE41-BBCDC55CE33A}"
EndProject
Global
	GlobalSection(SolutionConfigurationPlatforms) = preSolution
		Debug|Any CPU = Debug|Any CPU
		Release|Any CPU = Release|Any CPU
	EndGlobalSection
	GlobalSection(ProjectConfigurationPlatforms) = postSolution
		{BFC99254-B06D-4434-B7FF-50A54A18F445}.Debug|Any CPU.ActiveCfg = Debug|Any CPU
		{BFC99254-B06D-4434-B7FF-50A54A18F445}.Debug|Any CPU.Build.0 = Debug|Any CPU
		{BFC99254-B06D-4434-B7FF-50A54A18F445}.Release|Any CPU.ActiveCfg = Release|Any CPU
		{BFC99254-B06D-4434-B7FF-50A54A18F445}.Release|Any CPU.Build.0 = Release|Any CPU
		{6C0844C9-FE56-4F88-AE41-BBCDC55CE33A}.Debug|Any CPU.ActiveCfg = Debug|Any CPU
		{6C0844C9-FE56-4F88-AE41-BBCDC55CE33A}.Debug|Any CPU.Build.0 = Debug|Any CPU
		{6C0844C9-FE56-4F88-AE41-BBCDC55CE33A}.Release|Any CPU.ActiveCfg = Release|Any CPU
		{6C0844C9-FE56-4F88-AE41-BBCDC55CE33A}.Release|Any CPU.Build.0 = Release|Any CPU
	EndGlobalSection
	GlobalSection(SolutionProperties) = preSolution
		HideSolutionNode = FALSE
	EndGlobalSection
EndGlobal
